// !$*UTF8*$!
{
	archiveVersion = 1;
	classes = {
	};
	objectVersion = 56;
	objects = {

/* Begin PBXBuildFile section */
		2C83EF352C4B9B9200662B55 /* AppDelegate.swift in Sources */ = {isa = PBXBuildFile; fileRef = 2C83EF342C4B9B9200662B55 /* AppDelegate.swift */; };
		2C83EF372C4B9B9200662B55 /* SceneDelegate.swift in Sources */ = {isa = PBXBuildFile; fileRef = 2C83EF362C4B9B9200662B55 /* SceneDelegate.swift */; };
		2C83EF392C4B9B9200662B55 /* ViewController.swift in Sources */ = {isa = PBXBuildFile; fileRef = 2C83EF382C4B9B9200662B55 /* ViewController.swift */; };
		2C83EF3C2C4B9B9200662B55 /* Base in Resources */ = {isa = PBXBuildFile; fileRef = 2C83EF3B2C4B9B9200662B55 /* Base */; };
		2C83EF3F2C4B9B9200662B55 /* FaceMaskMap.xcdatamodeld in Sources */ = {isa = PBXBuildFile; fileRef = 2C83EF3D2C4B9B9200662B55 /* FaceMaskMap.xcdatamodeld */; };
		2C83EF412C4B9B9300662B55 /* Assets.xcassets in Resources */ = {isa = PBXBuildFile; fileRef = 2C83EF402C4B9B9300662B55 /* Assets.xcassets */; };
		2C83EF442C4B9B9300662B55 /* Base in Resources */ = {isa = PBXBuildFile; fileRef = 2C83EF432C4B9B9300662B55 /* Base */; };
/* End PBXBuildFile section */

/* Begin PBXFileReference section */
		2C83EF312C4B9B9200662B55 /* FaceMaskMap.app */ = {isa = PBXFileReference; explicitFileType = wrapper.application; includeInIndex = 0; path = FaceMaskMap.app; sourceTree = BUILT_PRODUCTS_DIR; };
		2C83EF342C4B9B9200662B55 /* AppDelegate.swift */ = {isa = PBXFileReference; lastKnownFileType = sourcecode.swift; path = AppDelegate.swift; sourceTree = "<group>"; };
		2C83EF362C4B9B9200662B55 /* SceneDelegate.swift */ = {isa = PBXFileReference; lastKnownFileType = sourcecode.swift; path = SceneDelegate.swift; sourceTree = "<group>"; };
		2C83EF382C4B9B9200662B55 /* ViewController.swift */ = {isa = PBXFileReference; lastKnownFileType = sourcecode.swift; path = ViewController.swift; sourceTree = "<group>"; };
		2C83EF3B2C4B9B9200662B55 /* Base */ = {isa = PBXFileReference; lastKnownFileType = file.storyboard; name = Base; path = Base.lproj/Main.storyboard; sourceTree = "<group>"; };
		2C83EF3E2C4B9B9200662B55 /* FaceMaskMap.xcdatamodel */ = {isa = PBXFileReference; lastKnownFileType = wrapper.xcdatamodel; path = FaceMaskMap.xcdatamodel; sourceTree = "<group>"; };
		2C83EF402C4B9B9300662B55 /* Assets.xcassets */ = {isa = PBXFileReference; lastKnownFileType = folder.assetcatalog; path = Assets.xcassets; sourceTree = "<group>"; };
		2C83EF432C4B9B9300662B55 /* Base */ = {isa = PBXFileReference; lastKnownFileType = file.storyboard; name = Base; path = Base.lproj/LaunchScreen.storyboard; sourceTree = "<group>"; };
		2C83EF452C4B9B9300662B55 /* Info.plist */ = {isa = PBXFileReference; lastKnownFileType = text.plist.xml; path = Info.plist; sourceTree = "<group>"; };
/* End PBXFileReference section */

/* Begin PBXFrameworksBuildPhase section */
		2C83EF2E2C4B9B9200662B55 /* Frameworks */ = {
			isa = PBXFrameworksBuildPhase;
			buildActionMask = 2147483647;
			files = (
			);
			runOnlyForDeploymentPostprocessing = 0;
		};
/* End PBXFrameworksBuildPhase section */

/* Begin PBXGroup section */
		2C83EF282C4B9B9100662B55 = {
			isa = PBXGroup;
			children = (
				2C83EF332C4B9B9200662B55 /* FaceMaskMap */,
				2C83EF322C4B9B9200662B55 /* Products */,
			);
			sourceTree = "<group>";
		};
		2C83EF322C4B9B9200662B55 /* Products */ = {
			isa = PBXGroup;
			children = (
				2C83EF312C4B9B9200662B55 /* FaceMaskMap.app */,
			);
			name = Products;
			sourceTree = "<group>";
		};
		2C83EF332C4B9B9200662B55 /* FaceMaskMap */ = {
			isa = PBXGroup;
			children = (
				2C83EF342C4B9B9200662B55 /* AppDelegate.swift */,
				2C83EF362C4B9B9200662B55 /* SceneDelegate.swift */,
				2C83EF382C4B9B9200662B55 /* ViewController.swift */,
				2C83EF3A2C4B9B9200662B55 /* Main.storyboard */,
				2C83EF402C4B9B9300662B55 /* Assets.xcassets */,
				2C83EF422C4B9B9300662B55 /* LaunchScreen.storyboard */,
				2C83EF452C4B9B9300662B55 /* Info.plist */,
				2C83EF3D2C4B9B9200662B55 /* FaceMaskMap.xcdatamodeld */,
			);
			path = FaceMaskMap;
			sourceTree = "<group>";
		};
/* End PBXGroup section */

/* Begin PBXNativeTarget section */
		2C83EF302C4B9B9200662B55 /* FaceMaskMap */ = {
			isa = PBXNativeTarget;
			buildConfigurationList = 2C83EF482C4B9B9300662B55 /* Build configuration list for PBXNativeTarget "FaceMaskMap" */;
			buildPhases = (
				2C83EF2D2C4B9B9200662B55 /* Sources */,
				2C83EF2E2C4B9B9200662B55 /* Frameworks */,
				2C83EF2F2C4B9B9200662B55 /* Resources */,
			);
			buildRules = (
			);
			dependencies = (
			);
			name = FaceMaskMap;
			productName = FaceMaskMap;
			productReference = 2C83EF312C4B9B9200662B55 /* FaceMaskMap.app */;
			productType = "com.apple.product-type.application";
		};
/* End PBXNativeTarget section */

/* Begin PBXProject section */
		2C83EF292C4B9B9200662B55 /* Project object */ = {
			isa = PBXProject;
			attributes = {
				BuildIndependentTargetsInParallel = 1;
				LastSwiftUpdateCheck = 1540;
				LastUpgradeCheck = 1540;
				TargetAttributes = {
					2C83EF302C4B9B9200662B55 = {
						CreatedOnToolsVersion = 15.4;
					};
				};
			};
			buildConfigurationList = 2C83EF2C2C4B9B9200662B55 /* Build configuration list for PBXProject "FaceMaskMap" */;
			compatibilityVersion = "Xcode 14.0";
			developmentRegion = en;
			hasScannedForEncodings = 0;
			knownRegions = (
				en,
				Base,
			);
			mainGroup = 2C83EF282C4B9B9100662B55;
			productRefGroup = 2C83EF322C4B9B9200662B55 /* Products */;
			projectDirPath = "";
			projectRoot = "";
			targets = (
				2C83EF302C4B9B9200662B55 /* FaceMaskMap */,
			);
		};
/* End PBXProject section */

/* Begin PBXResourcesBuildPhase section */
		2C83EF2F2C4B9B9200662B55 /* Resources */ = {
			isa = PBXResourcesBuildPhase;
			buildActionMask = 2147483647;
			files = (
				2C83EF412C4B9B9300662B55 /* Assets.xcassets in Resources */,
				2C83EF442C4B9B9300662B55 /* Base in Resources */,
				2C83EF3C2C4B9B9200662B55 /* Base in Resources */,
			);
			runOnlyForDeploymentPostprocessing = 0;
		};
/* End PBXResourcesBuildPhase section */

/* Begin PBXSourcesBuildPhase section */
		2C83EF2D2C4B9B9200662B55 /* Sources */ = {
			isa = PBXSourcesBuildPhase;
			buildActionMask = 2147483647;
			files = (
				2C83EF392C4B9B9200662B55 /* ViewController.swift in Sources */,
				2C83EF3F2C4B9B9200662B55 /* FaceMaskMap.xcdatamodeld in Sources */,
				2C83EF352C4B9B9200662B55 /* AppDelegate.swift in Sources */,
				2C83EF372C4B9B9200662B55 /* SceneDelegate.swift in Sources */,
			);
			runOnlyForDeploymentPostprocessing = 0;
		};
/* End PBXSourcesBuildPhase section */

/* Begin PBXVariantGroup section */
		2C83EF3A2C4B9B9200662B55 /* Main.storyboard */ = {
			isa = PBXVariantGroup;
			children = (
				2C83EF3B2C4B9B9200662B55 /* Base */,
			);
			name = Main.storyboard;
			sourceTree = "<group>";
		};
		2C83EF422C4B9B9300662B55 /* LaunchScreen.storyboard */ = {
			isa = PBXVariantGroup;
			children = (
				2C83EF432C4B9B9300662B55 /* Base */,
			);
			name = LaunchScreen.storyboard;
			sourceTree = "<group>";
		};
/* End PBXVariantGroup section */

/* Begin XCBuildConfiguration section */
		2C83EF462C4B9B9300662B55 /* Debug */ = {
			isa = XCBuildConfiguration;
			buildSettings = {
				ALWAYS_SEARCH_USER_PATHS = NO;
				ASSETCATALOG_COMPILER_GENERATE_SWIFT_ASSET_SYMBOL_EXTENSIONS = YES;
				CLANG_ANALYZER_NONNULL = YES;
				CLANG_ANALYZER_NUMBER_OBJECT_CONVERSION = YES_AGGRESSIVE;
				CLANG_CXX_LANGUAGE_STANDARD = "gnu++20";
				CLANG_ENABLE_MODULES = YES;
				CLANG_ENABLE_OBJC_ARC = YES;
				CLANG_ENABLE_OBJC_WEAK = YES;
				CLANG_WARN_BLOCK_CAPTURE_AUTORELEASING = YES;
				CLANG_WARN_BOOL_CONVERSION = YES;
				CLANG_WARN_COMMA = YES;
				CLANG_WARN_CONSTANT_CONVERSION = YES;
				CLANG_WARN_DEPRECATED_OBJC_IMPLEMENTATIONS = YES;
				CLANG_WARN_DIRECT_OBJC_ISA_USAGE = YES_ERROR;
				CLANG_WARN_DOCUMENTATION_COMMENTS = YES;
				CLANG_WARN_EMPTY_BODY = YES;
				CLANG_WARN_ENUM_CONVERSION = YES;
				CLANG_WARN_INFINITE_RECURSION = YES;
				CLANG_WARN_INT_CONVERSION = YES;
				CLANG_WARN_NON_LITERAL_NULL_CONVERSION = YES;
				CLANG_WARN_OBJC_IMPLICIT_RETAIN_SELF = YES;
				CLANG_WARN_OBJC_LITERAL_CONVERSION = YES;
				CLANG_WARN_OBJC_ROOT_CLASS = YES_ERROR;
				CLANG_WARN_QUOTED_INCLUDE_IN_FRAMEWORK_HEADER = YES;
				CLANG_WARN_RANGE_LOOP_ANALYSIS = YES;
				CLANG_WARN_STRICT_PROTOTYPES = YES;
				CLANG_WARN_SUSPICIOUS_MOVE = YES;
				CLANG_WARN_UNGUARDED_AVAILABILITY = YES_AGGRESSIVE;
				CLANG_WARN_UNREACHABLE_CODE = YES;
				CLANG_WARN__DUPLICATE_METHOD_MATCH = YES;
				COPY_PHASE_STRIP = NO;
				DEBUG_INFORMATION_FORMAT = dwarf;
				ENABLE_STRICT_OBJC_MSGSEND = YES;
				ENABLE_TESTABILITY = YES;
				ENABLE_USER_SCRIPT_SANDBOXING = YES;
				GCC_C_LANGUAGE_STANDARD = gnu17;
				GCC_DYNAMIC_NO_PIC = NO;
				GCC_NO_COMMON_BLOCKS = YES;
				GCC_OPTIMIZATION_LEVEL = 0;
				GCC_PREPROCESSOR_DEFINITIONS = (
					"DEBUG=1",
					"$(inherited)",
				);
				GCC_WARN_64_TO_32_BIT_CONVERSION = YES;
				GCC_WARN_ABOUT_RETURN_TYPE = YES_ERROR;
				GCC_WARN_UNDECLARED_SELECTOR = YES;
				GCC_WARN_UNINITIALIZED_AUTOS = YES_AGGRESSIVE;
				GCC_WARN_UNUSED_FUNCTION = YES;
				GCC_WARN_UNUSED_VARIABLE = YES;
				IPHONEOS_DEPLOYMENT_TARGET = 17.5;
				LOCALIZATION_PREFERS_STRING_CATALOGS = YES;
				MTL_ENABLE_DEBUG_INFO = INCLUDE_SOURCE;
				MTL_FAST_MATH = YES;
				ONLY_ACTIVE_ARCH = YES;
				SDKROOT = iphoneos;
				SWIFT_ACTIVE_COMPILATION_CONDITIONS = "DEBUG $(inherited)";
				SWIFT_OPTIMIZATION_LEVEL = "-Onone";
			};
			name = Debug;
		};
		2C83EF472C4B9B9300662B55 /* Release */ = {
			isa = XCBuildConfiguration;
			buildSettings = {
				ALWAYS_SEARCH_USER_PATHS = NO;
				ASSETCATALOG_COMPILER_GENERATE_SWIFT_ASSET_SYMBOL_EXTENSIONS = YES;
				CLANG_ANALYZER_NONNULL = YES;
				CLANG_ANALYZER_NUMBER_OBJECT_CONVERSION = YES_AGGRESSIVE;
				CLANG_CXX_LANGUAGE_STANDARD = "gnu++20";
				CLANG_ENABLE_MODULES = YES;
				CLANG_ENABLE_OBJC_ARC = YES;
				CLANG_ENABLE_OBJC_WEAK = YES;
				CLANG_WARN_BLOCK_CAPTURE_AUTORELEASING = YES;
				CLANG_WARN_BOOL_CONVERSION = YES;
				CLANG_WARN_COMMA = YES;
				CLANG_WARN_CONSTANT_CONVERSION = YES;
				CLANG_WARN_DEPRECATED_OBJC_IMPLEMENTATIONS = YES;
				CLANG_WARN_DIRECT_OBJC_ISA_USAGE = YES_ERROR;
				CLANG_WARN_DOCUMENTATION_COMMENTS = YES;
				CLANG_WARN_EMPTY_BODY = YES;
				CLANG_WARN_ENUM_CONVERSION = YES;
				CLANG_WARN_INFINITE_RECURSION = YES;
				CLANG_WARN_INT_CONVERSION = YES;
				CLANG_WARN_NON_LITERAL_NULL_CONVERSION = YES;
				CLANG_WARN_OBJC_IMPLICIT_RETAIN_SELF = YES;
				CLANG_WARN_OBJC_LITERAL_CONVERSION = YES;
				CLANG_WARN_OBJC_ROOT_CLASS = YES_ERROR;
				CLANG_WARN_QUOTED_INCLUDE_IN_FRAMEWORK_HEADER = YES;
				CLANG_WARN_RANGE_LOOP_ANALYSIS = YES;
				CLANG_WARN_STRICT_PROTOTYPES = YES;
				CLANG_WARN_SUSPICIOUS_MOVE = YES;
				CLANG_WARN_UNGUARDED_AVAILABILITY = YES_AGGRESSIVE;
				CLANG_WARN_UNREACHABLE_CODE = YES;
				CLANG_WARN__DUPLICATE_METHOD_MATCH = YES;
				COPY_PHASE_STRIP = NO;
				DEBUG_INFORMATION_FORMAT = "dwarf-with-dsym";
				ENABLE_NS_ASSERTIONS = NO;
				ENABLE_STRICT_OBJC_MSGSEND = YES;
				ENABLE_USER_SCRIPT_SANDBOXING = YES;
				GCC_C_LANGUAGE_STANDARD = gnu17;
				GCC_NO_COMMON_BLOCKS = YES;
				GCC_WARN_64_TO_32_BIT_CONVERSION = YES;
				GCC_WARN_ABOUT_RETURN_TYPE = YES_ERROR;
				GCC_WARN_UNDECLARED_SELECTOR = YES;
				GCC_WARN_UNINITIALIZED_AUTOS = YES_AGGRESSIVE;
				GCC_WARN_UNUSED_FUNCTION = YES;
				GCC_WARN_UNUSED_VARIABLE = YES;
				IPHONEOS_DEPLOYMENT_TARGET = 17.5;
				LOCALIZATION_PREFERS_STRING_CATALOGS = YES;
				MTL_ENABLE_DEBUG_INFO = NO;
				MTL_FAST_MATH = YES;
				SDKROOT = iphoneos;
				SWIFT_COMPILATION_MODE = wholemodule;
				VALIDATE_PRODUCT = YES;
			};
			name = Release;
		};
		2C83EF492C4B9B9300662B55 /* Debug */ = {
			isa = XCBuildConfiguration;
			buildSettings = {
				ASSETCATALOG_COMPILER_APPICON_NAME = AppIcon;
				ASSETCATALOG_COMPILER_GLOBAL_ACCENT_COLOR_NAME = AccentColor;
				CODE_SIGN_STYLE = Automatic;
				CURRENT_PROJECT_VERSION = 1;
				DEVELOPMENT_TEAM = X7WM3CH46K;
				GENERATE_INFOPLIST_FILE = YES;
				INFOPLIST_FILE = FaceMaskMap/Info.plist;
				INFOPLIST_KEY_UIApplicationSupportsIndirectInputEvents = YES;
				INFOPLIST_KEY_UILaunchStoryboardName = LaunchScreen;
				INFOPLIST_KEY_UIMainStoryboardFile = Main;
				INFOPLIST_KEY_UISupportedInterfaceOrientations_iPad = "UIInterfaceOrientationPortrait UIInterfaceOrientationPortraitUpsideDown UIInterfaceOrientationLandscapeLeft UIInterfaceOrientationLandscapeRight";
				INFOPLIST_KEY_UISupportedInterfaceOrientations_iPhone = "UIInterfaceOrientationPortrait UIInterfaceOrientationLandscapeLeft UIInterfaceOrientationLandscapeRight";
				LD_RUNPATH_SEARCH_PATHS = (
					"$(inherited)",
					"@executable_path/Frameworks",
				);
				MARKETING_VERSION = 1.0;
				PRODUCT_BUNDLE_IDENTIFIER = com.Raychang.FaceMaskMap;
				PRODUCT_NAME = "$(TARGET_NAME)";
				SWIFT_EMIT_LOC_STRINGS = YES;
				SWIFT_VERSION = 5.0;
				TARGETED_DEVICE_FAMILY = "1,2";
			};
			name = Debug;
		};
		2C83EF4A2C4B9B9300662B55 /* Release */ = {
			isa = XCBuildConfiguration;
			buildSettings = {
				ASSETCATALOG_COMPILER_APPICON_NAME = AppIcon;
				ASSETCATALOG_COMPILER_GLOBAL_ACCENT_COLOR_NAME = AccentColor;
				CODE_SIGN_STYLE = Automatic;
				CURRENT_PROJECT_VERSION = 1;
				DEVELOPMENT_TEAM = X7WM3CH46K;
				GENERATE_INFOPLIST_FILE = YES;
				INFOPLIST_FILE = FaceMaskMap/Info.plist;
				INFOPLIST_KEY_UIApplicationSupportsIndirectInputEvents = YES;
				INFOPLIST_KEY_UILaunchStoryboardName = LaunchScreen;
				INFOPLIST_KEY_UIMainStoryboardFile = Main;
				INFOPLIST_KEY_UISupportedInterfaceOrientations_iPad = "UIInterfaceOrientationPortrait UIInterfaceOrientationPortraitUpsideDown UIInterfaceOrientationLandscapeLeft UIInterfaceOrientationLandscapeRight";
				INFOPLIST_KEY_UISupportedInterfaceOrientations_iPhone = "UIInterfaceOrientationPortrait UIInterfaceOrientationLandscapeLeft UIInterfaceOrientationLandscapeRight";
				LD_RUNPATH_SEARCH_PATHS = (
					"$(inherited)",
					"@executable_path/Frameworks",
				);
				MARKETING_VERSION = 1.0;
				PRODUCT_BUNDLE_IDENTIFIER = com.Raychang.FaceMaskMap;
				PRODUCT_NAME = "$(TARGET_NAME)";
				SWIFT_EMIT_LOC_STRINGS = YES;
				SWIFT_VERSION = 5.0;
				TARGETED_DEVICE_FAMILY = "1,2";
			};
			name = Release;
		};
/* End XCBuildConfiguration section */

/* Begin XCConfigurationList section */
		2C83EF2C2C4B9B9200662B55 /* Build configuration list for PBXProject "FaceMaskMap" */ = {
			isa = XCConfigurationList;
			buildConfigurations = (
				2C83EF462C4B9B9300662B55 /* Debug */,
				2C83EF472C4B9B9300662B55 /* Release */,
			);
			defaultConfigurationIsVisible = 0;
			defaultConfigurationName = Release;
		};
		2C83EF482C4B9B9300662B55 /* Build configuration list for PBXNativeTarget "FaceMaskMap" */ = {
			isa = XCConfigurationList;
			buildConfigurations = (
				2C83EF492C4B9B9300662B55 /* Debug */,
				2C83EF4A2C4B9B9300662B55 /* Release */,
			);
			defaultConfigurationIsVisible = 0;
			defaultConfigurationName = Release;
		};
/* End XCConfigurationList section */

/* Begin XCVersionGroup section */
		2C83EF3D2C4B9B9200662B55 /* FaceMaskMap.xcdatamodeld */ = {
			isa = XCVersionGroup;
			children = (
				2C83EF3E2C4B9B9200662B55 /* FaceMaskMap.xcdatamodel */,
			);
			currentVersion = 2C83EF3E2C4B9B9200662B55 /* FaceMaskMap.xcdatamodel */;
			path = FaceMaskMap.xcdatamodeld;
			sourceTree = "<group>";
			versionGroupType = wrapper.xcdatamodel;
		};
/* End XCVersionGroup section */
	};
	rootObject = 2C83EF292C4B9B9200662B55 /* Project object */;
}
